<?xml version="1.0" encoding="utf-8"?>
<Project ToolsVersion="4.0" xmlns="http://schemas.microsoft.com/developer/msbuild/2003">
  <ItemGroup>
    <ClCompile Include="Objects\BackImageBase.cpp" />
    <ClCompile Include="Objects\Enemy\Enemy.cpp" />
    <ClCompile Include="Objects\Furniture\Floor.cpp" />
    <ClCompile Include="Objects\Furniture\Table.cpp" />
    <ClCompile Include="Objects\GameObject.cpp" />
    <ClCompile Include="Appmain.cpp" />
    <ClCompile Include="Objects\Player\Player.cpp" />
    <ClCompile Include="Scenes\Help\HelpScene.cpp" />
    <ClCompile Include="Scenes\Ranking\RankingScene.cpp" />
    <ClCompile Include="Scenes\InGame\InGameScene.cpp" />
    <ClCompile Include="Scenes\Result\ResultScene.cpp" />
    <ClCompile Include="Scenes\SceneManager.cpp" />
    <ClCompile Include="Scenes\Title\TitleScene.cpp" />
    <ClCompile Include="Utility\ScoreManager.cpp" />
    <ClCompile Include="Utility\Application.cpp" />
    <ClCompile Include="Utility\Collision.cpp" />
    <ClCompile Include="Utility\InputManager.cpp" />
    <ClCompile Include="Utility\ProjectConfig.cpp" />
    <ClCompile Include="Utility\ResourceManager.cpp" />
    <ClCompile Include="Utility\Vecotr2D.cpp" />
    <ClCompile Include="Objects\Effect\Effect.cpp" />
    <ClCompile Include="Objects\Effect\Sord.h.cpp" />
  </ItemGroup>
  <ItemGroup>
    <ClInclude Include="Objects\BackImageBase.h" />
    <ClInclude Include="Objects\Enemy\Enemy.h" />
    <ClInclude Include="Objects\Furniture\Floor.h" />
    <ClInclude Include="Objects\Furniture\Table.h" />
    <ClInclude Include="Objects\GameObject.h" />
    <ClInclude Include="Objects\GameObjectManager.h" />
    <ClInclude Include="Objects\Player\Player.h" />
    <ClInclude Include="Scenes\Help\HelpScene.h" />
    <ClInclude Include="Scenes\Ranking\RankingScene.h" />
    <ClInclude Include="Scenes\InGame\InGameScene.h" />
    <ClInclude Include="Scenes\Result\ResultScene.h" />
    <ClInclude Include="Scenes\SceneBase.h" />
    <ClInclude Include="Scenes\SceneFactory.h" />
    <ClInclude Include="Scenes\SceneManager.h" />
    <ClInclude Include="Scenes\Title\TitleScene.h" />
    <ClInclude Include="Utility\ScoreManager.h" />
    <ClInclude Include="Utility\Application.h" />
    <ClInclude Include="Utility\Collision.h" />
    <ClInclude Include="Utility\InputManager.h" />
    <ClInclude Include="Utility\ProjectConfig.h" />
    <ClInclude Include="Utility\ResourceManager.h" />
    <ClInclude Include="Utility\Singleton.h" />
    <ClInclude Include="Utility\Vector2D.h" />
    <ClInclude Include="Objects\Effect\Effect.h" />
    <ClInclude Include="Objects\Effect\Sord.h" />
  </ItemGroup>
</Project>